
Microsoft Visual Studio Solution File, Format Version 12.00
# Visual Studio Version 16
VisualStudioVersion = 16.0.30002.166
MinimumVisualStudioVersion = 10.0.40219.1
Project("{FAE04EC0-301F-11D3-BF4B-00C04F79EFBC}") = "PersimosMVC", "PersimosMVC\PersimosMVC.csproj", "{BFEB7BA3-F5A8-48B0-8B9A-983017E225B2}"
EndProject
Project("{00D1A9C2-B5F0-4AF3-8072-F6C62B433612}") = "PermisosRepositorio", "PermisosRepositorio\PermisosRepositorio.sqlproj", "{73462609-25F6-4B18-9968-1FF752FFEAA8}"
EndProject
Global
	GlobalSection(SolutionConfigurationPlatforms) = preSolution
		Debug|Any CPU = Debug|Any CPU
		Release|Any CPU = Release|Any CPU
	EndGlobalSection
	GlobalSection(ProjectConfigurationPlatforms) = postSolution
		{BFEB7BA3-F5A8-48B0-8B9A-983017E225B2}.Debug|Any CPU.ActiveCfg = Debug|Any CPU
		{BFEB7BA3-F5A8-48B0-8B9A-983017E225B2}.Debug|Any CPU.Build.0 = Debug|Any CPU
		{BFEB7BA3-F5A8-48B0-8B9A-983017E225B2}.Release|Any CPU.ActiveCfg = Release|Any CPU
		{BFEB7BA3-F5A8-48B0-8B9A-983017E225B2}.Release|Any CPU.Build.0 = Release|Any CPU
		{73462609-25F6-4B18-9968-1FF752FFEAA8}.Debug|Any CPU.ActiveCfg = Debug|Any CPU
		{73462609-25F6-4B18-9968-1FF752FFEAA8}.Debug|Any CPU.Build.0 = Debug|Any CPU
		{73462609-25F6-4B18-9968-1FF752FFEAA8}.Debug|Any CPU.Deploy.0 = Debug|Any CPU
		{73462609-25F6-4B18-9968-1FF752FFEAA8}.Release|Any CPU.ActiveCfg = Release|Any CPU
		{73462609-25F6-4B18-9968-1FF752FFEAA8}.Release|Any CPU.Build.0 = Release|Any CPU
		{73462609-25F6-4B18-9968-1FF752FFEAA8}.Release|Any CPU.Deploy.0 = Release|Any CPU
	EndGlobalSection
	GlobalSection(SolutionProperties) = preSolution
		HideSolutionNode = FALSE
	EndGlobalSection
	GlobalSection(ExtensibilityGlobals) = postSolution
		SolutionGuid = {35CC7E5A-D003-4CCF-8099-E2B2199B4AE8}
	EndGlobalSection
EndGlobal
